// !$*UTF8*$!
{
	archiveVersion = 1;
	classes = {
	};
	objectVersion = 50;
	objects = {

/* Begin PBXBuildFile section */
		E06CD40E25120CFD002D6E78 /* Balance.swift in Sources */ = {isa = PBXBuildFile; fileRef = E06CD40D25120CFD002D6E78 /* Balance.swift */; };
		E06CD41025121792002D6E78 /* ProductManager.swift in Sources */ = {isa = PBXBuildFile; fileRef = E06CD40F25121792002D6E78 /* ProductManager.swift */; };
		E06CD412251347BE002D6E78 /* SellHistory.swift in Sources */ = {isa = PBXBuildFile; fileRef = E06CD411251347BE002D6E78 /* SellHistory.swift */; };
		E06CD41425136336002D6E78 /* ModalViewController.swift in Sources */ = {isa = PBXBuildFile; fileRef = E06CD41325136336002D6E78 /* ModalViewController.swift */; };
		E06CD41625144C5D002D6E78 /* Beverage+extension.swift in Sources */ = {isa = PBXBuildFile; fileRef = E06CD41525144C5D002D6E78 /* Beverage+extension.swift */; };
		E0990FEF2518A778008FE4EE /* ProductViewController.swift in Sources */ = {isa = PBXBuildFile; fileRef = E0990FEE2518A778008FE4EE /* ProductViewController.swift */; };
		E0990FF62518A933008FE4EE /* ProductViewCell.swift in Sources */ = {isa = PBXBuildFile; fileRef = E0990FF42518A933008FE4EE /* ProductViewCell.swift */; };
		E0990FF72518A933008FE4EE /* ProductViewCell.xib in Resources */ = {isa = PBXBuildFile; fileRef = E0990FF52518A933008FE4EE /* ProductViewCell.xib */; };
		E0990FF92518DE43008FE4EE /* Speaker.swift in Sources */ = {isa = PBXBuildFile; fileRef = E0990FF82518DE43008FE4EE /* Speaker.swift */; };
		E0990FFB2518E92F008FE4EE /* MessageView.swift in Sources */ = {isa = PBXBuildFile; fileRef = E0990FFA2518E92F008FE4EE /* MessageView.swift */; };
		E09910022519C868008FE4EE /* YellowTableViewCell.swift in Sources */ = {isa = PBXBuildFile; fileRef = E09910002519C868008FE4EE /* YellowTableViewCell.swift */; };
		E09910032519C868008FE4EE /* YellowTableViewCell.xib in Resources */ = {isa = PBXBuildFile; fileRef = E09910012519C868008FE4EE /* YellowTableViewCell.xib */; };
		E09910062519CC1F008FE4EE /* BlueTableViewCell.swift in Sources */ = {isa = PBXBuildFile; fileRef = E09910042519CC1F008FE4EE /* BlueTableViewCell.swift */; };
		E09910072519CC1F008FE4EE /* BlueTableViewCell.xib in Resources */ = {isa = PBXBuildFile; fileRef = E09910052519CC1F008FE4EE /* BlueTableViewCell.xib */; };
		E09910092519D4D4008FE4EE /* Message.swift in Sources */ = {isa = PBXBuildFile; fileRef = E09910082519D4D4008FE4EE /* Message.swift */; };
		E0FCE910250F18A100851F59 /* AppDelegate.swift in Sources */ = {isa = PBXBuildFile; fileRef = E0FCE90F250F18A100851F59 /* AppDelegate.swift */; };
		E0FCE912250F18A100851F59 /* SceneDelegate.swift in Sources */ = {isa = PBXBuildFile; fileRef = E0FCE911250F18A100851F59 /* SceneDelegate.swift */; };
		E0FCE914250F18A100851F59 /* ViewController.swift in Sources */ = {isa = PBXBuildFile; fileRef = E0FCE913250F18A100851F59 /* ViewController.swift */; };
		E0FCE917250F18A100851F59 /* Main.storyboard in Resources */ = {isa = PBXBuildFile; fileRef = E0FCE915250F18A100851F59 /* Main.storyboard */; };
		E0FCE919250F18A400851F59 /* Assets.xcassets in Resources */ = {isa = PBXBuildFile; fileRef = E0FCE918250F18A400851F59 /* Assets.xcassets */; };
		E0FCE91C250F18A400851F59 /* LaunchScreen.storyboard in Resources */ = {isa = PBXBuildFile; fileRef = E0FCE91A250F18A400851F59 /* LaunchScreen.storyboard */; };
		E0FCE927250F18A400851F59 /* VendingMachineAppTests.swift in Sources */ = {isa = PBXBuildFile; fileRef = E0FCE926250F18A400851F59 /* VendingMachineAppTests.swift */; };
		E0FCE935250F476700851F59 /* Beverage.swift in Sources */ = {isa = PBXBuildFile; fileRef = E0FCE934250F476700851F59 /* Beverage.swift */; };
		E0FCE937250F51AC00851F59 /* Milk.swift in Sources */ = {isa = PBXBuildFile; fileRef = E0FCE936250F51AC00851F59 /* Milk.swift */; };
		E0FCE939250F51B300851F59 /* Soda.swift in Sources */ = {isa = PBXBuildFile; fileRef = E0FCE938250F51B300851F59 /* Soda.swift */; };
		E0FCE93B250F51BB00851F59 /* Coffee.swift in Sources */ = {isa = PBXBuildFile; fileRef = E0FCE93A250F51BB00851F59 /* Coffee.swift */; };
		E0FCE93D250F5A2000851F59 /* VendingMachine.swift in Sources */ = {isa = PBXBuildFile; fileRef = E0FCE93C250F5A2000851F59 /* VendingMachine.swift */; };
		E0FCE93F250F9F5900851F59 /* BeverageProtocols.swift in Sources */ = {isa = PBXBuildFile; fileRef = E0FCE93E250F9F5900851F59 /* BeverageProtocols.swift */; };
		E0FCE9412510614A00851F59 /* BeverageFactory.swift in Sources */ = {isa = PBXBuildFile; fileRef = E0FCE9402510614A00851F59 /* BeverageFactory.swift */; };
		E0FCE94325106D8600851F59 /* ProductLine.swift in Sources */ = {isa = PBXBuildFile; fileRef = E0FCE94225106D8600851F59 /* ProductLine.swift */; };
/* End PBXBuildFile section */

/* Begin PBXContainerItemProxy section */
		E0FCE923250F18A400851F59 /* PBXContainerItemProxy */ = {
			isa = PBXContainerItemProxy;
			containerPortal = E0FCE904250F18A100851F59 /* Project object */;
			proxyType = 1;
			remoteGlobalIDString = E0FCE90B250F18A100851F59;
			remoteInfo = VendingMachineApp;
		};
/* End PBXContainerItemProxy section */

/* Begin PBXFileReference section */
		E06CD40D25120CFD002D6E78 /* Balance.swift */ = {isa = PBXFileReference; lastKnownFileType = sourcecode.swift; path = Balance.swift; sourceTree = "<group>"; };
		E06CD40F25121792002D6E78 /* ProductManager.swift */ = {isa = PBXFileReference; lastKnownFileType = sourcecode.swift; path = ProductManager.swift; sourceTree = "<group>"; };
		E06CD411251347BE002D6E78 /* SellHistory.swift */ = {isa = PBXFileReference; lastKnownFileType = sourcecode.swift; path = SellHistory.swift; sourceTree = "<group>"; };
		E06CD41325136336002D6E78 /* ModalViewController.swift */ = {isa = PBXFileReference; lastKnownFileType = sourcecode.swift; path = ModalViewController.swift; sourceTree = "<group>"; };
		E06CD41525144C5D002D6E78 /* Beverage+extension.swift */ = {isa = PBXFileReference; lastKnownFileType = sourcecode.swift; path = "Beverage+extension.swift"; sourceTree = "<group>"; };
		E0990FEE2518A778008FE4EE /* ProductViewController.swift */ = {isa = PBXFileReference; lastKnownFileType = sourcecode.swift; path = ProductViewController.swift; sourceTree = "<group>"; };
		E0990FF42518A933008FE4EE /* ProductViewCell.swift */ = {isa = PBXFileReference; lastKnownFileType = sourcecode.swift; path = ProductViewCell.swift; sourceTree = "<group>"; };
		E0990FF52518A933008FE4EE /* ProductViewCell.xib */ = {isa = PBXFileReference; lastKnownFileType = file.xib; path = ProductViewCell.xib; sourceTree = "<group>"; };
		E0990FF82518DE43008FE4EE /* Speaker.swift */ = {isa = PBXFileReference; lastKnownFileType = sourcecode.swift; path = Speaker.swift; sourceTree = "<group>"; };
		E0990FFA2518E92F008FE4EE /* MessageView.swift */ = {isa = PBXFileReference; lastKnownFileType = sourcecode.swift; path = MessageView.swift; sourceTree = "<group>"; };
		E09910002519C868008FE4EE /* YellowTableViewCell.swift */ = {isa = PBXFileReference; lastKnownFileType = sourcecode.swift; path = YellowTableViewCell.swift; sourceTree = "<group>"; };
		E09910012519C868008FE4EE /* YellowTableViewCell.xib */ = {isa = PBXFileReference; lastKnownFileType = file.xib; path = YellowTableViewCell.xib; sourceTree = "<group>"; };
		E09910042519CC1F008FE4EE /* BlueTableViewCell.swift */ = {isa = PBXFileReference; lastKnownFileType = sourcecode.swift; path = BlueTableViewCell.swift; sourceTree = "<group>"; };
		E09910052519CC1F008FE4EE /* BlueTableViewCell.xib */ = {isa = PBXFileReference; lastKnownFileType = file.xib; path = BlueTableViewCell.xib; sourceTree = "<group>"; };
		E09910082519D4D4008FE4EE /* Message.swift */ = {isa = PBXFileReference; lastKnownFileType = sourcecode.swift; path = Message.swift; sourceTree = "<group>"; };
		E0FCE90C250F18A100851F59 /* VendingMachineApp.app */ = {isa = PBXFileReference; explicitFileType = wrapper.application; includeInIndex = 0; path = VendingMachineApp.app; sourceTree = BUILT_PRODUCTS_DIR; };
		E0FCE90F250F18A100851F59 /* AppDelegate.swift */ = {isa = PBXFileReference; lastKnownFileType = sourcecode.swift; path = AppDelegate.swift; sourceTree = "<group>"; };
		E0FCE911250F18A100851F59 /* SceneDelegate.swift */ = {isa = PBXFileReference; lastKnownFileType = sourcecode.swift; path = SceneDelegate.swift; sourceTree = "<group>"; };
		E0FCE913250F18A100851F59 /* ViewController.swift */ = {isa = PBXFileReference; lastKnownFileType = sourcecode.swift; path = ViewController.swift; sourceTree = "<group>"; };
		E0FCE916250F18A100851F59 /* Base */ = {isa = PBXFileReference; lastKnownFileType = file.storyboard; name = Base; path = Base.lproj/Main.storyboard; sourceTree = "<group>"; };
		E0FCE918250F18A400851F59 /* Assets.xcassets */ = {isa = PBXFileReference; lastKnownFileType = folder.assetcatalog; path = Assets.xcassets; sourceTree = "<group>"; };
		E0FCE91B250F18A400851F59 /* Base */ = {isa = PBXFileReference; lastKnownFileType = file.storyboard; name = Base; path = Base.lproj/LaunchScreen.storyboard; sourceTree = "<group>"; };
		E0FCE91D250F18A400851F59 /* Info.plist */ = {isa = PBXFileReference; lastKnownFileType = text.plist.xml; path = Info.plist; sourceTree = "<group>"; };
		E0FCE922250F18A400851F59 /* VendingMachineAppTests.xctest */ = {isa = PBXFileReference; explicitFileType = wrapper.cfbundle; includeInIndex = 0; path = VendingMachineAppTests.xctest; sourceTree = BUILT_PRODUCTS_DIR; };
		E0FCE926250F18A400851F59 /* VendingMachineAppTests.swift */ = {isa = PBXFileReference; lastKnownFileType = sourcecode.swift; path = VendingMachineAppTests.swift; sourceTree = "<group>"; };
		E0FCE928250F18A400851F59 /* Info.plist */ = {isa = PBXFileReference; lastKnownFileType = text.plist.xml; path = Info.plist; sourceTree = "<group>"; };
		E0FCE934250F476700851F59 /* Beverage.swift */ = {isa = PBXFileReference; lastKnownFileType = sourcecode.swift; path = Beverage.swift; sourceTree = "<group>"; };
		E0FCE936250F51AC00851F59 /* Milk.swift */ = {isa = PBXFileReference; lastKnownFileType = sourcecode.swift; path = Milk.swift; sourceTree = "<group>"; };
		E0FCE938250F51B300851F59 /* Soda.swift */ = {isa = PBXFileReference; lastKnownFileType = sourcecode.swift; path = Soda.swift; sourceTree = "<group>"; };
		E0FCE93A250F51BB00851F59 /* Coffee.swift */ = {isa = PBXFileReference; lastKnownFileType = sourcecode.swift; path = Coffee.swift; sourceTree = "<group>"; };
		E0FCE93C250F5A2000851F59 /* VendingMachine.swift */ = {isa = PBXFileReference; lastKnownFileType = sourcecode.swift; path = VendingMachine.swift; sourceTree = "<group>"; };
		E0FCE93E250F9F5900851F59 /* BeverageProtocols.swift */ = {isa = PBXFileReference; lastKnownFileType = sourcecode.swift; path = BeverageProtocols.swift; sourceTree = "<group>"; };
		E0FCE9402510614A00851F59 /* BeverageFactory.swift */ = {isa = PBXFileReference; lastKnownFileType = sourcecode.swift; path = BeverageFactory.swift; sourceTree = "<group>"; };
		E0FCE94225106D8600851F59 /* ProductLine.swift */ = {isa = PBXFileReference; lastKnownFileType = sourcecode.swift; path = ProductLine.swift; sourceTree = "<group>"; };
/* End PBXFileReference section */

/* Begin PBXFrameworksBuildPhase section */
		E0FCE909250F18A100851F59 /* Frameworks */ = {
			isa = PBXFrameworksBuildPhase;
			buildActionMask = 2147483647;
			files = (
			);
			runOnlyForDeploymentPostprocessing = 0;
		};
		E0FCE91F250F18A400851F59 /* Frameworks */ = {
			isa = PBXFrameworksBuildPhase;
			buildActionMask = 2147483647;
			files = (
			);
			runOnlyForDeploymentPostprocessing = 0;
		};
/* End PBXFrameworksBuildPhase section */

/* Begin PBXGroup section */
		E0FCE903250F18A100851F59 = {
			isa = PBXGroup;
			children = (
				E0FCE90E250F18A100851F59 /* VendingMachineApp */,
				E0FCE925250F18A400851F59 /* VendingMachineAppTests */,
				E0FCE90D250F18A100851F59 /* Products */,
			);
			sourceTree = "<group>";
		};
		E0FCE90D250F18A100851F59 /* Products */ = {
			isa = PBXGroup;
			children = (
				E0FCE90C250F18A100851F59 /* VendingMachineApp.app */,
				E0FCE922250F18A400851F59 /* VendingMachineAppTests.xctest */,
			);
			name = Products;
			sourceTree = "<group>";
		};
		E0FCE90E250F18A100851F59 /* VendingMachineApp */ = {
			isa = PBXGroup;
			children = (
				E0FCE933250F353900851F59 /* View */,
				E0FCE932250F352B00851F59 /* Model */,
				E0FCE931250F352500851F59 /* Controller */,
				E0FCE90F250F18A100851F59 /* AppDelegate.swift */,
				E0FCE911250F18A100851F59 /* SceneDelegate.swift */,
				E0FCE915250F18A100851F59 /* Main.storyboard */,
				E0FCE918250F18A400851F59 /* Assets.xcassets */,
				E0FCE91A250F18A400851F59 /* LaunchScreen.storyboard */,
				E0FCE91D250F18A400851F59 /* Info.plist */,
			);
			path = VendingMachineApp;
			sourceTree = "<group>";
		};
		E0FCE925250F18A400851F59 /* VendingMachineAppTests */ = {
			isa = PBXGroup;
			children = (
				E0FCE926250F18A400851F59 /* VendingMachineAppTests.swift */,
				E0FCE928250F18A400851F59 /* Info.plist */,
			);
			path = VendingMachineAppTests;
			sourceTree = "<group>";
		};
		E0FCE931250F352500851F59 /* Controller */ = {
			isa = PBXGroup;
			children = (
				E0FCE913250F18A100851F59 /* ViewController.swift */,
				E06CD41325136336002D6E78 /* ModalViewController.swift */,
				E0990FEE2518A778008FE4EE /* ProductViewController.swift */,
			);
			path = Controller;
			sourceTree = "<group>";
		};
		E0FCE932250F352B00851F59 /* Model */ = {
			isa = PBXGroup;
			children = (
				E0FCE934250F476700851F59 /* Beverage.swift */,
				E06CD41525144C5D002D6E78 /* Beverage+extension.swift */,
				E0FCE93E250F9F5900851F59 /* BeverageProtocols.swift */,
				E0FCE9402510614A00851F59 /* BeverageFactory.swift */,
				E0FCE936250F51AC00851F59 /* Milk.swift */,
				E0FCE938250F51B300851F59 /* Soda.swift */,
				E0FCE93A250F51BB00851F59 /* Coffee.swift */,
				E0FCE93C250F5A2000851F59 /* VendingMachine.swift */,
				E0FCE94225106D8600851F59 /* ProductLine.swift */,
				E06CD40D25120CFD002D6E78 /* Balance.swift */,
				E06CD40F25121792002D6E78 /* ProductManager.swift */,
				E06CD411251347BE002D6E78 /* SellHistory.swift */,
				E0990FF82518DE43008FE4EE /* Speaker.swift */,
				E09910082519D4D4008FE4EE /* Message.swift */,
			);
			path = Model;
			sourceTree = "<group>";
		};
		E0FCE933250F353900851F59 /* View */ = {
			isa = PBXGroup;
			children = (
				E0990FF42518A933008FE4EE /* ProductViewCell.swift */,
				E0990FF52518A933008FE4EE /* ProductViewCell.xib */,
				E0990FFA2518E92F008FE4EE /* MessageView.swift */,
				E09910002519C868008FE4EE /* YellowTableViewCell.swift */,
				E09910012519C868008FE4EE /* YellowTableViewCell.xib */,
				E09910042519CC1F008FE4EE /* BlueTableViewCell.swift */,
				E09910052519CC1F008FE4EE /* BlueTableViewCell.xib */,
			);
			path = View;
			sourceTree = "<group>";
		};
/* End PBXGroup section */

/* Begin PBXNativeTarget section */
		E0FCE90B250F18A100851F59 /* VendingMachineApp */ = {
			isa = PBXNativeTarget;
			buildConfigurationList = E0FCE92B250F18A400851F59 /* Build configuration list for PBXNativeTarget "VendingMachineApp" */;
			buildPhases = (
				E0FCE908250F18A100851F59 /* Sources */,
				E0FCE909250F18A100851F59 /* Frameworks */,
				E0FCE90A250F18A100851F59 /* Resources */,
			);
			buildRules = (
			);
			dependencies = (
			);
			name = VendingMachineApp;
			productName = VendingMachineApp;
			productReference = E0FCE90C250F18A100851F59 /* VendingMachineApp.app */;
			productType = "com.apple.product-type.application";
		};
		E0FCE921250F18A400851F59 /* VendingMachineAppTests */ = {
			isa = PBXNativeTarget;
			buildConfigurationList = E0FCE92E250F18A400851F59 /* Build configuration list for PBXNativeTarget "VendingMachineAppTests" */;
			buildPhases = (
				E0FCE91E250F18A400851F59 /* Sources */,
				E0FCE91F250F18A400851F59 /* Frameworks */,
				E0FCE920250F18A400851F59 /* Resources */,
			);
			buildRules = (
			);
			dependencies = (
				E0FCE924250F18A400851F59 /* PBXTargetDependency */,
			);
			name = VendingMachineAppTests;
			productName = VendingMachineAppTests;
			productReference = E0FCE922250F18A400851F59 /* VendingMachineAppTests.xctest */;
			productType = "com.apple.product-type.bundle.unit-test";
		};
/* End PBXNativeTarget section */

/* Begin PBXProject section */
		E0FCE904250F18A100851F59 /* Project object */ = {
			isa = PBXProject;
			attributes = {
				LastSwiftUpdateCheck = 1160;
				LastUpgradeCheck = 1160;
				ORGANIZATIONNAME = "채훈기";
				TargetAttributes = {
					E0FCE90B250F18A100851F59 = {
						CreatedOnToolsVersion = 11.6;
					};
					E0FCE921250F18A400851F59 = {
						CreatedOnToolsVersion = 11.6;
						TestTargetID = E0FCE90B250F18A100851F59;
					};
				};
			};
			buildConfigurationList = E0FCE907250F18A100851F59 /* Build configuration list for PBXProject "VendingMachineApp" */;
			compatibilityVersion = "Xcode 9.3";
			developmentRegion = en;
			hasScannedForEncodings = 0;
			knownRegions = (
				en,
				Base,
			);
			mainGroup = E0FCE903250F18A100851F59;
			productRefGroup = E0FCE90D250F18A100851F59 /* Products */;
			projectDirPath = "";
			projectRoot = "";
			targets = (
				E0FCE90B250F18A100851F59 /* VendingMachineApp */,
				E0FCE921250F18A400851F59 /* VendingMachineAppTests */,
			);
		};
/* End PBXProject section */

/* Begin PBXResourcesBuildPhase section */
		E0FCE90A250F18A100851F59 /* Resources */ = {
			isa = PBXResourcesBuildPhase;
			buildActionMask = 2147483647;
			files = (
				E09910032519C868008FE4EE /* YellowTableViewCell.xib in Resources */,
				E0990FF72518A933008FE4EE /* ProductViewCell.xib in Resources */,
				E0FCE91C250F18A400851F59 /* LaunchScreen.storyboard in Resources */,
				E0FCE919250F18A400851F59 /* Assets.xcassets in Resources */,
				E0FCE917250F18A100851F59 /* Main.storyboard in Resources */,
				E09910072519CC1F008FE4EE /* BlueTableViewCell.xib in Resources */,
			);
			runOnlyForDeploymentPostprocessing = 0;
		};
		E0FCE920250F18A400851F59 /* Resources */ = {
			isa = PBXResourcesBuildPhase;
			buildActionMask = 2147483647;
			files = (
			);
			runOnlyForDeploymentPostprocessing = 0;
		};
/* End PBXResourcesBuildPhase section */

/* Begin PBXSourcesBuildPhase section */
		E0FCE908250F18A100851F59 /* Sources */ = {
			isa = PBXSourcesBuildPhase;
			buildActionMask = 2147483647;
			files = (
				E0FCE939250F51B300851F59 /* Soda.swift in Sources */,
				E06CD41425136336002D6E78 /* ModalViewController.swift in Sources */,
				E0FCE914250F18A100851F59 /* ViewController.swift in Sources */,
				E0FCE910250F18A100851F59 /* AppDelegate.swift in Sources */,
				E0990FFB2518E92F008FE4EE /* MessageView.swift in Sources */,
				E09910062519CC1F008FE4EE /* BlueTableViewCell.swift in Sources */,
				E0FCE93F250F9F5900851F59 /* BeverageProtocols.swift in Sources */,
				E06CD412251347BE002D6E78 /* SellHistory.swift in Sources */,
				E0FCE935250F476700851F59 /* Beverage.swift in Sources */,
				E0990FF62518A933008FE4EE /* ProductViewCell.swift in Sources */,
				E0FCE912250F18A100851F59 /* SceneDelegate.swift in Sources */,
				E0FCE937250F51AC00851F59 /* Milk.swift in Sources */,
				E0FCE9412510614A00851F59 /* BeverageFactory.swift in Sources */,
				E0FCE93B250F51BB00851F59 /* Coffee.swift in Sources */,
				E0FCE93D250F5A2000851F59 /* VendingMachine.swift in Sources */,
				E06CD41625144C5D002D6E78 /* Beverage+extension.swift in Sources */,
				E09910022519C868008FE4EE /* YellowTableViewCell.swift in Sources */,
				E09910092519D4D4008FE4EE /* Message.swift in Sources */,
				E06CD40E25120CFD002D6E78 /* Balance.swift in Sources */,
				E0990FF92518DE43008FE4EE /* Speaker.swift in Sources */,
				E0990FEF2518A778008FE4EE /* ProductViewController.swift in Sources */,
				E06CD41025121792002D6E78 /* ProductManager.swift in Sources */,
				E0FCE94325106D8600851F59 /* ProductLine.swift in Sources */,
			);
			runOnlyForDeploymentPostprocessing = 0;
		};
		E0FCE91E250F18A400851F59 /* Sources */ = {
			isa = PBXSourcesBuildPhase;
			buildActionMask = 2147483647;
			files = (
				E0FCE927250F18A400851F59 /* VendingMachineAppTests.swift in Sources */,
			);
			runOnlyForDeploymentPostprocessing = 0;
		};
/* End PBXSourcesBuildPhase section */

/* Begin PBXTargetDependency section */
		E0FCE924250F18A400851F59 /* PBXTargetDependency */ = {
			isa = PBXTargetDependency;
			target = E0FCE90B250F18A100851F59 /* VendingMachineApp */;
			targetProxy = E0FCE923250F18A400851F59 /* PBXContainerItemProxy */;
		};
/* End PBXTargetDependency section */

/* Begin PBXVariantGroup section */
		E0FCE915250F18A100851F59 /* Main.storyboard */ = {
			isa = PBXVariantGroup;
			children = (
				E0FCE916250F18A100851F59 /* Base */,
			);
			name = Main.storyboard;
			sourceTree = "<group>";
		};
		E0FCE91A250F18A400851F59 /* LaunchScreen.storyboard */ = {
			isa = PBXVariantGroup;
			children = (
				E0FCE91B250F18A400851F59 /* Base */,
			);
			name = LaunchScreen.storyboard;
			sourceTree = "<group>";
		};
/* End PBXVariantGroup section */

/* Begin XCBuildConfiguration section */
		E0FCE929250F18A400851F59 /* Debug */ = {
			isa = XCBuildConfiguration;
			buildSettings = {
				ALWAYS_SEARCH_USER_PATHS = NO;
				CLANG_ANALYZER_NONNULL = YES;
				CLANG_ANALYZER_NUMBER_OBJECT_CONVERSION = YES_AGGRESSIVE;
				CLANG_CXX_LANGUAGE_STANDARD = "gnu++14";
				CLANG_CXX_LIBRARY = "libc++";
				CLANG_ENABLE_MODULES = YES;
				CLANG_ENABLE_OBJC_ARC = YES;
				CLANG_ENABLE_OBJC_WEAK = YES;
				CLANG_WARN_BLOCK_CAPTURE_AUTORELEASING = YES;
				CLANG_WARN_BOOL_CONVERSION = YES;
				CLANG_WARN_COMMA = YES;
				CLANG_WARN_CONSTANT_CONVERSION = YES;
				CLANG_WARN_DEPRECATED_OBJC_IMPLEMENTATIONS = YES;
				CLANG_WARN_DIRECT_OBJC_ISA_USAGE = YES_ERROR;
				CLANG_WARN_DOCUMENTATION_COMMENTS = YES;
				CLANG_WARN_EMPTY_BODY = YES;
				CLANG_WARN_ENUM_CONVERSION = YES;
				CLANG_WARN_INFINITE_RECURSION = YES;
				CLANG_WARN_INT_CONVERSION = YES;
				CLANG_WARN_NON_LITERAL_NULL_CONVERSION = YES;
				CLANG_WARN_OBJC_IMPLICIT_RETAIN_SELF = YES;
				CLANG_WARN_OBJC_LITERAL_CONVERSION = YES;
				CLANG_WARN_OBJC_ROOT_CLASS = YES_ERROR;
				CLANG_WARN_RANGE_LOOP_ANALYSIS = YES;
				CLANG_WARN_STRICT_PROTOTYPES = YES;
				CLANG_WARN_SUSPICIOUS_MOVE = YES;
				CLANG_WARN_UNGUARDED_AVAILABILITY = YES_AGGRESSIVE;
				CLANG_WARN_UNREACHABLE_CODE = YES;
				CLANG_WARN__DUPLICATE_METHOD_MATCH = YES;
				COPY_PHASE_STRIP = NO;
				DEBUG_INFORMATION_FORMAT = dwarf;
				ENABLE_STRICT_OBJC_MSGSEND = YES;
				ENABLE_TESTABILITY = YES;
				GCC_C_LANGUAGE_STANDARD = gnu11;
				GCC_DYNAMIC_NO_PIC = NO;
				GCC_NO_COMMON_BLOCKS = YES;
				GCC_OPTIMIZATION_LEVEL = 0;
				GCC_PREPROCESSOR_DEFINITIONS = (
					"DEBUG=1",
					"$(inherited)",
				);
				GCC_WARN_64_TO_32_BIT_CONVERSION = YES;
				GCC_WARN_ABOUT_RETURN_TYPE = YES_ERROR;
				GCC_WARN_UNDECLARED_SELECTOR = YES;
				GCC_WARN_UNINITIALIZED_AUTOS = YES_AGGRESSIVE;
				GCC_WARN_UNUSED_FUNCTION = YES;
				GCC_WARN_UNUSED_VARIABLE = YES;
				IPHONEOS_DEPLOYMENT_TARGET = 13.6;
				MTL_ENABLE_DEBUG_INFO = INCLUDE_SOURCE;
				MTL_FAST_MATH = YES;
				ONLY_ACTIVE_ARCH = YES;
				SDKROOT = iphoneos;
				SWIFT_ACTIVE_COMPILATION_CONDITIONS = DEBUG;
				SWIFT_OPTIMIZATION_LEVEL = "-Onone";
			};
			name = Debug;
		};
		E0FCE92A250F18A400851F59 /* Release */ = {
			isa = XCBuildConfiguration;
			buildSettings = {
				ALWAYS_SEARCH_USER_PATHS = NO;
				CLANG_ANALYZER_NONNULL = YES;
				CLANG_ANALYZER_NUMBER_OBJECT_CONVERSION = YES_AGGRESSIVE;
				CLANG_CXX_LANGUAGE_STANDARD = "gnu++14";
				CLANG_CXX_LIBRARY = "libc++";
				CLANG_ENABLE_MODULES = YES;
				CLANG_ENABLE_OBJC_ARC = YES;
				CLANG_ENABLE_OBJC_WEAK = YES;
				CLANG_WARN_BLOCK_CAPTURE_AUTORELEASING = YES;
				CLANG_WARN_BOOL_CONVERSION = YES;
				CLANG_WARN_COMMA = YES;
				CLANG_WARN_CONSTANT_CONVERSION = YES;
				CLANG_WARN_DEPRECATED_OBJC_IMPLEMENTATIONS = YES;
				CLANG_WARN_DIRECT_OBJC_ISA_USAGE = YES_ERROR;
				CLANG_WARN_DOCUMENTATION_COMMENTS = YES;
				CLANG_WARN_EMPTY_BODY = YES;
				CLANG_WARN_ENUM_CONVERSION = YES;
				CLANG_WARN_INFINITE_RECURSION = YES;
				CLANG_WARN_INT_CONVERSION = YES;
				CLANG_WARN_NON_LITERAL_NULL_CONVERSION = YES;
				CLANG_WARN_OBJC_IMPLICIT_RETAIN_SELF = YES;
				CLANG_WARN_OBJC_LITERAL_CONVERSION = YES;
				CLANG_WARN_OBJC_ROOT_CLASS = YES_ERROR;
				CLANG_WARN_RANGE_LOOP_ANALYSIS = YES;
				CLANG_WARN_STRICT_PROTOTYPES = YES;
				CLANG_WARN_SUSPICIOUS_MOVE = YES;
				CLANG_WARN_UNGUARDED_AVAILABILITY = YES_AGGRESSIVE;
				CLANG_WARN_UNREACHABLE_CODE = YES;
				CLANG_WARN__DUPLICATE_METHOD_MATCH = YES;
				COPY_PHASE_STRIP = NO;
				DEBUG_INFORMATION_FORMAT = "dwarf-with-dsym";
				ENABLE_NS_ASSERTIONS = NO;
				ENABLE_STRICT_OBJC_MSGSEND = YES;
				GCC_C_LANGUAGE_STANDARD = gnu11;
				GCC_NO_COMMON_BLOCKS = YES;
				GCC_WARN_64_TO_32_BIT_CONVERSION = YES;
				GCC_WARN_ABOUT_RETURN_TYPE = YES_ERROR;
				GCC_WARN_UNDECLARED_SELECTOR = YES;
				GCC_WARN_UNINITIALIZED_AUTOS = YES_AGGRESSIVE;
				GCC_WARN_UNUSED_FUNCTION = YES;
				GCC_WARN_UNUSED_VARIABLE = YES;
				IPHONEOS_DEPLOYMENT_TARGET = 13.6;
				MTL_ENABLE_DEBUG_INFO = NO;
				MTL_FAST_MATH = YES;
				SDKROOT = iphoneos;
				SWIFT_COMPILATION_MODE = wholemodule;
				SWIFT_OPTIMIZATION_LEVEL = "-O";
				VALIDATE_PRODUCT = YES;
			};
			name = Release;
		};
		E0FCE92C250F18A400851F59 /* Debug */ = {
			isa = XCBuildConfiguration;
			buildSettings = {
				ASSETCATALOG_COMPILER_APPICON_NAME = AppIcon;
				CODE_SIGN_STYLE = Automatic;
				INFOPLIST_FILE = VendingMachineApp/Info.plist;
				LD_RUNPATH_SEARCH_PATHS = (
					"$(inherited)",
					"@executable_path/Frameworks",
				);
				PRODUCT_BUNDLE_IDENTIFIER = chaehoonki.VendingMachineApp;
				PRODUCT_NAME = "$(TARGET_NAME)";
				SWIFT_VERSION = 5.0;
				TARGETED_DEVICE_FAMILY = 2;
			};
			name = Debug;
		};
		E0FCE92D250F18A400851F59 /* Release */ = {
			isa = XCBuildConfiguration;
			buildSettings = {
				ASSETCATALOG_COMPILER_APPICON_NAME = AppIcon;
				CODE_SIGN_STYLE = Automatic;
				INFOPLIST_FILE = VendingMachineApp/Info.plist;
				LD_RUNPATH_SEARCH_PATHS = (
					"$(inherited)",
					"@executable_path/Frameworks",
				);
				PRODUCT_BUNDLE_IDENTIFIER = chaehoonki.VendingMachineApp;
				PRODUCT_NAME = "$(TARGET_NAME)";
				SWIFT_VERSION = 5.0;
				TARGETED_DEVICE_FAMILY = 2;
			};
			name = Release;
		};
		E0FCE92F250F18A400851F59 /* Debug */ = {
			isa = XCBuildConfiguration;
			buildSettings = {
				ALWAYS_EMBED_SWIFT_STANDARD_LIBRARIES = YES;
				BUNDLE_LOADER = "$(TEST_HOST)";
				CODE_SIGN_STYLE = Automatic;
				INFOPLIST_FILE = VendingMachineAppTests/Info.plist;
				IPHONEOS_DEPLOYMENT_TARGET = 13.6;
				LD_RUNPATH_SEARCH_PATHS = (
					"$(inherited)",
					"@executable_path/Frameworks",
					"@loader_path/Frameworks",
				);
				PRODUCT_BUNDLE_IDENTIFIER = chaehoonki.VendingMachineAppTests;
				PRODUCT_NAME = "$(TARGET_NAME)";
				SWIFT_VERSION = 5.0;
				TARGETED_DEVICE_FAMILY = "1,2";
				TEST_HOST = "$(BUILT_PRODUCTS_DIR)/VendingMachineApp.app/VendingMachineApp";
			};
			name = Debug;
		};
		E0FCE930250F18A400851F59 /* Release */ = {
			isa = XCBuildConfiguration;
			buildSettings = {
				ALWAYS_EMBED_SWIFT_STANDARD_LIBRARIES = YES;
				BUNDLE_LOADER = "$(TEST_HOST)";
				CODE_SIGN_STYLE = Automatic;
				INFOPLIST_FILE = VendingMachineAppTests/Info.plist;
				IPHONEOS_DEPLOYMENT_TARGET = 13.6;
				LD_RUNPATH_SEARCH_PATHS = (
					"$(inherited)",
					"@executable_path/Frameworks",
					"@loader_path/Frameworks",
				);
				PRODUCT_BUNDLE_IDENTIFIER = chaehoonki.VendingMachineAppTests;
				PRODUCT_NAME = "$(TARGET_NAME)";
				SWIFT_VERSION = 5.0;
				TARGETED_DEVICE_FAMILY = "1,2";
				TEST_HOST = "$(BUILT_PRODUCTS_DIR)/VendingMachineApp.app/VendingMachineApp";
			};
			name = Release;
		};
/* End XCBuildConfiguration section */

/* Begin XCConfigurationList section */
		E0FCE907250F18A100851F59 /* Build configuration list for PBXProject "VendingMachineApp" */ = {
			isa = XCConfigurationList;
			buildConfigurations = (
				E0FCE929250F18A400851F59 /* Debug */,
				E0FCE92A250F18A400851F59 /* Release */,
			);
			defaultConfigurationIsVisible = 0;
			defaultConfigurationName = Release;
		};
		E0FCE92B250F18A400851F59 /* Build configuration list for PBXNativeTarget "VendingMachineApp" */ = {
			isa = XCConfigurationList;
			buildConfigurations = (
				E0FCE92C250F18A400851F59 /* Debug */,
				E0FCE92D250F18A400851F59 /* Release */,
			);
			defaultConfigurationIsVisible = 0;
			defaultConfigurationName = Release;
		};
		E0FCE92E250F18A400851F59 /* Build configuration list for PBXNativeTarget "VendingMachineAppTests" */ = {
			isa = XCConfigurationList;
			buildConfigurations = (
				E0FCE92F250F18A400851F59 /* Debug */,
				E0FCE930250F18A400851F59 /* Release */,
			);
			defaultConfigurationIsVisible = 0;
			defaultConfigurationName = Release;
		};
/* End XCConfigurationList section */
	};
	rootObject = E0FCE904250F18A100851F59 /* Project object */;
}
