// !$*UTF8*$!
{
	archiveVersion = 1;
	classes = {
	};
	objectVersion = 50;
	objects = {

/* Begin PBXBuildFile section */
		37D8F619250F03AE001A7D45 /* AppDelegate.swift in Sources */ = {isa = PBXBuildFile; fileRef = 37D8F618250F03AE001A7D45 /* AppDelegate.swift */; };
		37D8F61B250F03AE001A7D45 /* SceneDelegate.swift in Sources */ = {isa = PBXBuildFile; fileRef = 37D8F61A250F03AE001A7D45 /* SceneDelegate.swift */; };
		37D8F61D250F03AE001A7D45 /* ViewController.swift in Sources */ = {isa = PBXBuildFile; fileRef = 37D8F61C250F03AE001A7D45 /* ViewController.swift */; };
		37D8F620250F03AE001A7D45 /* Main.storyboard in Resources */ = {isa = PBXBuildFile; fileRef = 37D8F61E250F03AE001A7D45 /* Main.storyboard */; };
		37D8F623250F03AE001A7D45 /* VendingMachineApp.xcdatamodeld in Sources */ = {isa = PBXBuildFile; fileRef = 37D8F621250F03AE001A7D45 /* VendingMachineApp.xcdatamodeld */; };
		37D8F625250F03AF001A7D45 /* Assets.xcassets in Resources */ = {isa = PBXBuildFile; fileRef = 37D8F624250F03AF001A7D45 /* Assets.xcassets */; };
		37D8F628250F03AF001A7D45 /* LaunchScreen.storyboard in Resources */ = {isa = PBXBuildFile; fileRef = 37D8F626250F03AF001A7D45 /* LaunchScreen.storyboard */; };
		37D8F633250F03B0001A7D45 /* VendingMachineAppTests.swift in Sources */ = {isa = PBXBuildFile; fileRef = 37D8F632250F03B0001A7D45 /* VendingMachineAppTests.swift */; };
/* End PBXBuildFile section */

/* Begin PBXContainerItemProxy section */
		37D8F62F250F03B0001A7D45 /* PBXContainerItemProxy */ = {
			isa = PBXContainerItemProxy;
			containerPortal = 37D8F60D250F03AE001A7D45 /* Project object */;
			proxyType = 1;
			remoteGlobalIDString = 37D8F614250F03AE001A7D45;
			remoteInfo = VendingMachineApp;
		};
/* End PBXContainerItemProxy section */

/* Begin PBXFileReference section */
		37D8F615250F03AE001A7D45 /* VendingMachineApp.app */ = {isa = PBXFileReference; explicitFileType = wrapper.application; includeInIndex = 0; path = VendingMachineApp.app; sourceTree = BUILT_PRODUCTS_DIR; };
		37D8F618250F03AE001A7D45 /* AppDelegate.swift */ = {isa = PBXFileReference; lastKnownFileType = sourcecode.swift; path = AppDelegate.swift; sourceTree = "<group>"; };
		37D8F61A250F03AE001A7D45 /* SceneDelegate.swift */ = {isa = PBXFileReference; lastKnownFileType = sourcecode.swift; path = SceneDelegate.swift; sourceTree = "<group>"; };
		37D8F61C250F03AE001A7D45 /* ViewController.swift */ = {isa = PBXFileReference; lastKnownFileType = sourcecode.swift; path = ViewController.swift; sourceTree = "<group>"; };
		37D8F61F250F03AE001A7D45 /* Base */ = {isa = PBXFileReference; lastKnownFileType = file.storyboard; name = Base; path = Base.lproj/Main.storyboard; sourceTree = "<group>"; };
		37D8F622250F03AE001A7D45 /* VendingMachineApp.xcdatamodel */ = {isa = PBXFileReference; lastKnownFileType = wrapper.xcdatamodel; path = VendingMachineApp.xcdatamodel; sourceTree = "<group>"; };
		37D8F624250F03AF001A7D45 /* Assets.xcassets */ = {isa = PBXFileReference; lastKnownFileType = folder.assetcatalog; path = Assets.xcassets; sourceTree = "<group>"; };
		37D8F627250F03AF001A7D45 /* Base */ = {isa = PBXFileReference; lastKnownFileType = file.storyboard; name = Base; path = Base.lproj/LaunchScreen.storyboard; sourceTree = "<group>"; };
		37D8F629250F03AF001A7D45 /* Info.plist */ = {isa = PBXFileReference; lastKnownFileType = text.plist.xml; path = Info.plist; sourceTree = "<group>"; };
		37D8F62E250F03B0001A7D45 /* VendingMachineAppTests.xctest */ = {isa = PBXFileReference; explicitFileType = wrapper.cfbundle; includeInIndex = 0; path = VendingMachineAppTests.xctest; sourceTree = BUILT_PRODUCTS_DIR; };
		37D8F632250F03B0001A7D45 /* VendingMachineAppTests.swift */ = {isa = PBXFileReference; lastKnownFileType = sourcecode.swift; path = VendingMachineAppTests.swift; sourceTree = "<group>"; };
		37D8F634250F03B0001A7D45 /* Info.plist */ = {isa = PBXFileReference; lastKnownFileType = text.plist.xml; path = Info.plist; sourceTree = "<group>"; };
/* End PBXFileReference section */

/* Begin PBXFrameworksBuildPhase section */
		37D8F612250F03AE001A7D45 /* Frameworks */ = {
			isa = PBXFrameworksBuildPhase;
			buildActionMask = 2147483647;
			files = (
			);
			runOnlyForDeploymentPostprocessing = 0;
		};
		37D8F62B250F03B0001A7D45 /* Frameworks */ = {
			isa = PBXFrameworksBuildPhase;
			buildActionMask = 2147483647;
			files = (
			);
			runOnlyForDeploymentPostprocessing = 0;
		};
/* End PBXFrameworksBuildPhase section */

/* Begin PBXGroup section */
		37D8F60C250F03AE001A7D45 = {
			isa = PBXGroup;
			children = (
				37D8F617250F03AE001A7D45 /* VendingMachineApp */,
				37D8F631250F03B0001A7D45 /* VendingMachineAppTests */,
				37D8F616250F03AE001A7D45 /* Products */,
			);
			sourceTree = "<group>";
		};
		37D8F616250F03AE001A7D45 /* Products */ = {
			isa = PBXGroup;
			children = (
				37D8F615250F03AE001A7D45 /* VendingMachineApp.app */,
				37D8F62E250F03B0001A7D45 /* VendingMachineAppTests.xctest */,
			);
			name = Products;
			sourceTree = "<group>";
		};
		37D8F617250F03AE001A7D45 /* VendingMachineApp */ = {
			isa = PBXGroup;
			children = (
				37D8F618250F03AE001A7D45 /* AppDelegate.swift */,
				37D8F61A250F03AE001A7D45 /* SceneDelegate.swift */,
				37D8F61C250F03AE001A7D45 /* ViewController.swift */,
				37D8F61E250F03AE001A7D45 /* Main.storyboard */,
				37D8F624250F03AF001A7D45 /* Assets.xcassets */,
				37D8F626250F03AF001A7D45 /* LaunchScreen.storyboard */,
				37D8F629250F03AF001A7D45 /* Info.plist */,
				37D8F621250F03AE001A7D45 /* VendingMachineApp.xcdatamodeld */,
			);
			path = VendingMachineApp;
			sourceTree = "<group>";
		};
		37D8F631250F03B0001A7D45 /* VendingMachineAppTests */ = {
			isa = PBXGroup;
			children = (
				37D8F632250F03B0001A7D45 /* VendingMachineAppTests.swift */,
				37D8F634250F03B0001A7D45 /* Info.plist */,
			);
			path = VendingMachineAppTests;
			sourceTree = "<group>";
		};
/* End PBXGroup section */

/* Begin PBXNativeTarget section */
		37D8F614250F03AE001A7D45 /* VendingMachineApp */ = {
			isa = PBXNativeTarget;
			buildConfigurationList = 37D8F637250F03B0001A7D45 /* Build configuration list for PBXNativeTarget "VendingMachineApp" */;
			buildPhases = (
				37D8F611250F03AE001A7D45 /* Sources */,
				37D8F612250F03AE001A7D45 /* Frameworks */,
				37D8F613250F03AE001A7D45 /* Resources */,
			);
			buildRules = (
			);
			dependencies = (
			);
			name = VendingMachineApp;
			productName = VendingMachineApp;
			productReference = 37D8F615250F03AE001A7D45 /* VendingMachineApp.app */;
			productType = "com.apple.product-type.application";
		};
		37D8F62D250F03B0001A7D45 /* VendingMachineAppTests */ = {
			isa = PBXNativeTarget;
			buildConfigurationList = 37D8F63A250F03B0001A7D45 /* Build configuration list for PBXNativeTarget "VendingMachineAppTests" */;
			buildPhases = (
				37D8F62A250F03B0001A7D45 /* Sources */,
				37D8F62B250F03B0001A7D45 /* Frameworks */,
				37D8F62C250F03B0001A7D45 /* Resources */,
			);
			buildRules = (
			);
			dependencies = (
				37D8F630250F03B0001A7D45 /* PBXTargetDependency */,
			);
			name = VendingMachineAppTests;
			productName = VendingMachineAppTests;
			productReference = 37D8F62E250F03B0001A7D45 /* VendingMachineAppTests.xctest */;
			productType = "com.apple.product-type.bundle.unit-test";
		};
/* End PBXNativeTarget section */

/* Begin PBXProject section */
		37D8F60D250F03AE001A7D45 /* Project object */ = {
			isa = PBXProject;
			attributes = {
				LastSwiftUpdateCheck = 1170;
				LastUpgradeCheck = 1170;
				ORGANIZATIONNAME = "Oh Donggeon";
				TargetAttributes = {
					37D8F614250F03AE001A7D45 = {
						CreatedOnToolsVersion = 11.7;
					};
					37D8F62D250F03B0001A7D45 = {
						CreatedOnToolsVersion = 11.7;
						TestTargetID = 37D8F614250F03AE001A7D45;
					};
				};
			};
			buildConfigurationList = 37D8F610250F03AE001A7D45 /* Build configuration list for PBXProject "VendingMachineApp" */;
			compatibilityVersion = "Xcode 9.3";
			developmentRegion = en;
			hasScannedForEncodings = 0;
			knownRegions = (
				en,
				Base,
			);
			mainGroup = 37D8F60C250F03AE001A7D45;
			productRefGroup = 37D8F616250F03AE001A7D45 /* Products */;
			projectDirPath = "";
			projectRoot = "";
			targets = (
				37D8F614250F03AE001A7D45 /* VendingMachineApp */,
				37D8F62D250F03B0001A7D45 /* VendingMachineAppTests */,
			);
		};
/* End PBXProject section */

/* Begin PBXResourcesBuildPhase section */
		37D8F613250F03AE001A7D45 /* Resources */ = {
			isa = PBXResourcesBuildPhase;
			buildActionMask = 2147483647;
			files = (
				37D8F628250F03AF001A7D45 /* LaunchScreen.storyboard in Resources */,
				37D8F625250F03AF001A7D45 /* Assets.xcassets in Resources */,
				37D8F620250F03AE001A7D45 /* Main.storyboard in Resources */,
			);
			runOnlyForDeploymentPostprocessing = 0;
		};
		37D8F62C250F03B0001A7D45 /* Resources */ = {
			isa = PBXResourcesBuildPhase;
			buildActionMask = 2147483647;
			files = (
			);
			runOnlyForDeploymentPostprocessing = 0;
		};
/* End PBXResourcesBuildPhase section */

/* Begin PBXSourcesBuildPhase section */
		37D8F611250F03AE001A7D45 /* Sources */ = {
			isa = PBXSourcesBuildPhase;
			buildActionMask = 2147483647;
			files = (
				37D8F61D250F03AE001A7D45 /* ViewController.swift in Sources */,
				37D8F619250F03AE001A7D45 /* AppDelegate.swift in Sources */,
				37D8F61B250F03AE001A7D45 /* SceneDelegate.swift in Sources */,
				37D8F623250F03AE001A7D45 /* VendingMachineApp.xcdatamodeld in Sources */,
			);
			runOnlyForDeploymentPostprocessing = 0;
		};
		37D8F62A250F03B0001A7D45 /* Sources */ = {
			isa = PBXSourcesBuildPhase;
			buildActionMask = 2147483647;
			files = (
				37D8F633250F03B0001A7D45 /* VendingMachineAppTests.swift in Sources */,
			);
			runOnlyForDeploymentPostprocessing = 0;
		};
/* End PBXSourcesBuildPhase section */

/* Begin PBXTargetDependency section */
		37D8F630250F03B0001A7D45 /* PBXTargetDependency */ = {
			isa = PBXTargetDependency;
			target = 37D8F614250F03AE001A7D45 /* VendingMachineApp */;
			targetProxy = 37D8F62F250F03B0001A7D45 /* PBXContainerItemProxy */;
		};
/* End PBXTargetDependency section */

/* Begin PBXVariantGroup section */
		37D8F61E250F03AE001A7D45 /* Main.storyboard */ = {
			isa = PBXVariantGroup;
			children = (
				37D8F61F250F03AE001A7D45 /* Base */,
			);
			name = Main.storyboard;
			sourceTree = "<group>";
		};
		37D8F626250F03AF001A7D45 /* LaunchScreen.storyboard */ = {
			isa = PBXVariantGroup;
			children = (
				37D8F627250F03AF001A7D45 /* Base */,
			);
			name = LaunchScreen.storyboard;
			sourceTree = "<group>";
		};
/* End PBXVariantGroup section */

/* Begin XCBuildConfiguration section */
		37D8F635250F03B0001A7D45 /* Debug */ = {
			isa = XCBuildConfiguration;
			buildSettings = {
				ALWAYS_SEARCH_USER_PATHS = NO;
				CLANG_ANALYZER_NONNULL = YES;
				CLANG_ANALYZER_NUMBER_OBJECT_CONVERSION = YES_AGGRESSIVE;
				CLANG_CXX_LANGUAGE_STANDARD = "gnu++14";
				CLANG_CXX_LIBRARY = "libc++";
				CLANG_ENABLE_MODULES = YES;
				CLANG_ENABLE_OBJC_ARC = YES;
				CLANG_ENABLE_OBJC_WEAK = YES;
				CLANG_WARN_BLOCK_CAPTURE_AUTORELEASING = YES;
				CLANG_WARN_BOOL_CONVERSION = YES;
				CLANG_WARN_COMMA = YES;
				CLANG_WARN_CONSTANT_CONVERSION = YES;
				CLANG_WARN_DEPRECATED_OBJC_IMPLEMENTATIONS = YES;
				CLANG_WARN_DIRECT_OBJC_ISA_USAGE = YES_ERROR;
				CLANG_WARN_DOCUMENTATION_COMMENTS = YES;
				CLANG_WARN_EMPTY_BODY = YES;
				CLANG_WARN_ENUM_CONVERSION = YES;
				CLANG_WARN_INFINITE_RECURSION = YES;
				CLANG_WARN_INT_CONVERSION = YES;
				CLANG_WARN_NON_LITERAL_NULL_CONVERSION = YES;
				CLANG_WARN_OBJC_IMPLICIT_RETAIN_SELF = YES;
				CLANG_WARN_OBJC_LITERAL_CONVERSION = YES;
				CLANG_WARN_OBJC_ROOT_CLASS = YES_ERROR;
				CLANG_WARN_RANGE_LOOP_ANALYSIS = YES;
				CLANG_WARN_STRICT_PROTOTYPES = YES;
				CLANG_WARN_SUSPICIOUS_MOVE = YES;
				CLANG_WARN_UNGUARDED_AVAILABILITY = YES_AGGRESSIVE;
				CLANG_WARN_UNREACHABLE_CODE = YES;
				CLANG_WARN__DUPLICATE_METHOD_MATCH = YES;
				COPY_PHASE_STRIP = NO;
				DEBUG_INFORMATION_FORMAT = dwarf;
				ENABLE_STRICT_OBJC_MSGSEND = YES;
				ENABLE_TESTABILITY = YES;
				GCC_C_LANGUAGE_STANDARD = gnu11;
				GCC_DYNAMIC_NO_PIC = NO;
				GCC_NO_COMMON_BLOCKS = YES;
				GCC_OPTIMIZATION_LEVEL = 0;
				GCC_PREPROCESSOR_DEFINITIONS = (
					"DEBUG=1",
					"$(inherited)",
				);
				GCC_WARN_64_TO_32_BIT_CONVERSION = YES;
				GCC_WARN_ABOUT_RETURN_TYPE = YES_ERROR;
				GCC_WARN_UNDECLARED_SELECTOR = YES;
				GCC_WARN_UNINITIALIZED_AUTOS = YES_AGGRESSIVE;
				GCC_WARN_UNUSED_FUNCTION = YES;
				GCC_WARN_UNUSED_VARIABLE = YES;
				IPHONEOS_DEPLOYMENT_TARGET = 13.7;
				MTL_ENABLE_DEBUG_INFO = INCLUDE_SOURCE;
				MTL_FAST_MATH = YES;
				ONLY_ACTIVE_ARCH = YES;
				SDKROOT = iphoneos;
				SWIFT_ACTIVE_COMPILATION_CONDITIONS = DEBUG;
				SWIFT_OPTIMIZATION_LEVEL = "-Onone";
			};
			name = Debug;
		};
		37D8F636250F03B0001A7D45 /* Release */ = {
			isa = XCBuildConfiguration;
			buildSettings = {
				ALWAYS_SEARCH_USER_PATHS = NO;
				CLANG_ANALYZER_NONNULL = YES;
				CLANG_ANALYZER_NUMBER_OBJECT_CONVERSION = YES_AGGRESSIVE;
				CLANG_CXX_LANGUAGE_STANDARD = "gnu++14";
				CLANG_CXX_LIBRARY = "libc++";
				CLANG_ENABLE_MODULES = YES;
				CLANG_ENABLE_OBJC_ARC = YES;
				CLANG_ENABLE_OBJC_WEAK = YES;
				CLANG_WARN_BLOCK_CAPTURE_AUTORELEASING = YES;
				CLANG_WARN_BOOL_CONVERSION = YES;
				CLANG_WARN_COMMA = YES;
				CLANG_WARN_CONSTANT_CONVERSION = YES;
				CLANG_WARN_DEPRECATED_OBJC_IMPLEMENTATIONS = YES;
				CLANG_WARN_DIRECT_OBJC_ISA_USAGE = YES_ERROR;
				CLANG_WARN_DOCUMENTATION_COMMENTS = YES;
				CLANG_WARN_EMPTY_BODY = YES;
				CLANG_WARN_ENUM_CONVERSION = YES;
				CLANG_WARN_INFINITE_RECURSION = YES;
				CLANG_WARN_INT_CONVERSION = YES;
				CLANG_WARN_NON_LITERAL_NULL_CONVERSION = YES;
				CLANG_WARN_OBJC_IMPLICIT_RETAIN_SELF = YES;
				CLANG_WARN_OBJC_LITERAL_CONVERSION = YES;
				CLANG_WARN_OBJC_ROOT_CLASS = YES_ERROR;
				CLANG_WARN_RANGE_LOOP_ANALYSIS = YES;
				CLANG_WARN_STRICT_PROTOTYPES = YES;
				CLANG_WARN_SUSPICIOUS_MOVE = YES;
				CLANG_WARN_UNGUARDED_AVAILABILITY = YES_AGGRESSIVE;
				CLANG_WARN_UNREACHABLE_CODE = YES;
				CLANG_WARN__DUPLICATE_METHOD_MATCH = YES;
				COPY_PHASE_STRIP = NO;
				DEBUG_INFORMATION_FORMAT = "dwarf-with-dsym";
				ENABLE_NS_ASSERTIONS = NO;
				ENABLE_STRICT_OBJC_MSGSEND = YES;
				GCC_C_LANGUAGE_STANDARD = gnu11;
				GCC_NO_COMMON_BLOCKS = YES;
				GCC_WARN_64_TO_32_BIT_CONVERSION = YES;
				GCC_WARN_ABOUT_RETURN_TYPE = YES_ERROR;
				GCC_WARN_UNDECLARED_SELECTOR = YES;
				GCC_WARN_UNINITIALIZED_AUTOS = YES_AGGRESSIVE;
				GCC_WARN_UNUSED_FUNCTION = YES;
				GCC_WARN_UNUSED_VARIABLE = YES;
				IPHONEOS_DEPLOYMENT_TARGET = 13.7;
				MTL_ENABLE_DEBUG_INFO = NO;
				MTL_FAST_MATH = YES;
				SDKROOT = iphoneos;
				SWIFT_COMPILATION_MODE = wholemodule;
				SWIFT_OPTIMIZATION_LEVEL = "-O";
				VALIDATE_PRODUCT = YES;
			};
			name = Release;
		};
		37D8F638250F03B0001A7D45 /* Debug */ = {
			isa = XCBuildConfiguration;
			buildSettings = {
				ASSETCATALOG_COMPILER_APPICON_NAME = AppIcon;
				CODE_SIGN_STYLE = Automatic;
				DEVELOPMENT_TEAM = X8LHG5RJXN;
				INFOPLIST_FILE = VendingMachineApp/Info.plist;
				LD_RUNPATH_SEARCH_PATHS = (
					"$(inherited)",
					"@executable_path/Frameworks",
				);
				PRODUCT_BUNDLE_IDENTIFIER = kr.dankook.VendingMachineApp;
				PRODUCT_NAME = "$(TARGET_NAME)";
				SWIFT_VERSION = 5.0;
				TARGETED_DEVICE_FAMILY = "1,2";
			};
			name = Debug;
		};
		37D8F639250F03B0001A7D45 /* Release */ = {
			isa = XCBuildConfiguration;
			buildSettings = {
				ASSETCATALOG_COMPILER_APPICON_NAME = AppIcon;
				CODE_SIGN_STYLE = Automatic;
				DEVELOPMENT_TEAM = X8LHG5RJXN;
				INFOPLIST_FILE = VendingMachineApp/Info.plist;
				LD_RUNPATH_SEARCH_PATHS = (
					"$(inherited)",
					"@executable_path/Frameworks",
				);
				PRODUCT_BUNDLE_IDENTIFIER = kr.dankook.VendingMachineApp;
				PRODUCT_NAME = "$(TARGET_NAME)";
				SWIFT_VERSION = 5.0;
				TARGETED_DEVICE_FAMILY = "1,2";
			};
			name = Release;
		};
		37D8F63B250F03B0001A7D45 /* Debug */ = {
			isa = XCBuildConfiguration;
			buildSettings = {
				ALWAYS_EMBED_SWIFT_STANDARD_LIBRARIES = YES;
				BUNDLE_LOADER = "$(TEST_HOST)";
				CODE_SIGN_STYLE = Automatic;
				DEVELOPMENT_TEAM = X8LHG5RJXN;
				INFOPLIST_FILE = VendingMachineAppTests/Info.plist;
				IPHONEOS_DEPLOYMENT_TARGET = 13.7;
				LD_RUNPATH_SEARCH_PATHS = (
					"$(inherited)",
					"@executable_path/Frameworks",
					"@loader_path/Frameworks",
				);
				PRODUCT_BUNDLE_IDENTIFIER = kr.dankook.VendingMachineAppTests;
				PRODUCT_NAME = "$(TARGET_NAME)";
				SWIFT_VERSION = 5.0;
				TARGETED_DEVICE_FAMILY = "1,2";
				TEST_HOST = "$(BUILT_PRODUCTS_DIR)/VendingMachineApp.app/VendingMachineApp";
			};
			name = Debug;
		};
		37D8F63C250F03B0001A7D45 /* Release */ = {
			isa = XCBuildConfiguration;
			buildSettings = {
				ALWAYS_EMBED_SWIFT_STANDARD_LIBRARIES = YES;
				BUNDLE_LOADER = "$(TEST_HOST)";
				CODE_SIGN_STYLE = Automatic;
				DEVELOPMENT_TEAM = X8LHG5RJXN;
				INFOPLIST_FILE = VendingMachineAppTests/Info.plist;
				IPHONEOS_DEPLOYMENT_TARGET = 13.7;
				LD_RUNPATH_SEARCH_PATHS = (
					"$(inherited)",
					"@executable_path/Frameworks",
					"@loader_path/Frameworks",
				);
				PRODUCT_BUNDLE_IDENTIFIER = kr.dankook.VendingMachineAppTests;
				PRODUCT_NAME = "$(TARGET_NAME)";
				SWIFT_VERSION = 5.0;
				TARGETED_DEVICE_FAMILY = "1,2";
				TEST_HOST = "$(BUILT_PRODUCTS_DIR)/VendingMachineApp.app/VendingMachineApp";
			};
			name = Release;
		};
/* End XCBuildConfiguration section */

/* Begin XCConfigurationList section */
		37D8F610250F03AE001A7D45 /* Build configuration list for PBXProject "VendingMachineApp" */ = {
			isa = XCConfigurationList;
			buildConfigurations = (
				37D8F635250F03B0001A7D45 /* Debug */,
				37D8F636250F03B0001A7D45 /* Release */,
			);
			defaultConfigurationIsVisible = 0;
			defaultConfigurationName = Release;
		};
		37D8F637250F03B0001A7D45 /* Build configuration list for PBXNativeTarget "VendingMachineApp" */ = {
			isa = XCConfigurationList;
			buildConfigurations = (
				37D8F638250F03B0001A7D45 /* Debug */,
				37D8F639250F03B0001A7D45 /* Release */,
			);
			defaultConfigurationIsVisible = 0;
			defaultConfigurationName = Release;
		};
		37D8F63A250F03B0001A7D45 /* Build configuration list for PBXNativeTarget "VendingMachineAppTests" */ = {
			isa = XCConfigurationList;
			buildConfigurations = (
				37D8F63B250F03B0001A7D45 /* Debug */,
				37D8F63C250F03B0001A7D45 /* Release */,
			);
			defaultConfigurationIsVisible = 0;
			defaultConfigurationName = Release;
		};
/* End XCConfigurationList section */

/* Begin XCVersionGroup section */
		37D8F621250F03AE001A7D45 /* VendingMachineApp.xcdatamodeld */ = {
			isa = XCVersionGroup;
			children = (
				37D8F622250F03AE001A7D45 /* VendingMachineApp.xcdatamodel */,
			);
			currentVersion = 37D8F622250F03AE001A7D45 /* VendingMachineApp.xcdatamodel */;
			path = VendingMachineApp.xcdatamodeld;
			sourceTree = "<group>";
			versionGroupType = wrapper.xcdatamodel;
		};
/* End XCVersionGroup section */
	};
	rootObject = 37D8F60D250F03AE001A7D45 /* Project object */;
}
